
Microsoft Visual Studio Solution File, Format Version 12.00
# Visual Studio Version 16
VisualStudioVersion = 16.0.30128.74
MinimumVisualStudioVersion = 10.0.40219.1
Project("{888888A0-9F3D-457C-B088-3A5042F75D52}") = "Papple2", "Papple2.pyproj", "{F7AAC553-DAB5-4E63-A0BC-93893BB85D5B}"
EndProject
Global
	GlobalSection(SolutionConfigurationPlatforms) = preSolution
		Debug|Any CPU = Debug|Any CPU
		Release|Any CPU = Release|Any CPU
	EndGlobalSection
	GlobalSection(ProjectConfigurationPlatforms) = postSolution
		{F7AAC553-DAB5-4E63-A0BC-93893BB85D5B}.Debug|Any CPU.ActiveCfg = Debug|Any CPU
		{F7AAC553-DAB5-4E63-A0BC-93893BB85D5B}.Release|Any CPU.ActiveCfg = Release|Any CPU
	EndGlobalSection
	GlobalSection(SolutionProperties) = preSolution
		HideSolutionNode = FALSE
	EndGlobalSection
	GlobalSection(ExtensibilityGlobals) = postSolution
		SolutionGuid = {5211B183-187F-47FB-9E96-5C529055DB22}
	EndGlobalSection
EndGlobal
